
Microsoft Visual Studio Solution File, Format Version 12.00
# Visual Studio 15
Project("{FAE04EC0-301F-11D3-BF4B-00C04F79EFBC}") = "RTLTMPro", "RTLTMPro.csproj", "{3F78FE8A-3F98-77D1-6199-F565C04C2808}"
EndProject
Project("{FAE04EC0-301F-11D3-BF4B-00C04F79EFBC}") = "Assembly-CSharp", "Assembly-CSharp.csproj", "{31467C53-FF76-6053-2823-6635EC05A729}"
EndProject
Project("{FAE04EC0-301F-11D3-BF4B-00C04F79EFBC}") = "RTLTMPro-Editor", "RTLTMPro-Editor.csproj", "{2D9C6B4B-38F9-D2B9-B283-532160060D2B}"
EndProject
Project("{FAE04EC0-301F-11D3-BF4B-00C04F79EFBC}") = "RTLTMPro-Tests", "RTLTMPro-Tests.csproj", "{24FDB9DE-032C-FF63-D9B9-825FBA3A9B2E}"
EndProject
Global
	GlobalSection(SolutionConfigurationPlatforms) = preSolution
		Debug|Any CPU = Debug|Any CPU
		Release|Any CPU = Release|Any CPU
	EndGlobalSection
	GlobalSection(ProjectConfigurationPlatforms) = postSolution
		{3F78FE8A-3F98-77D1-6199-F565C04C2808}.Debug|Any CPU.ActiveCfg = Debug|Any CPU
		{3F78FE8A-3F98-77D1-6199-F565C04C2808}.Debug|Any CPU.Build.0 = Debug|Any CPU
		{3F78FE8A-3F98-77D1-6199-F565C04C2808}.Release|Any CPU.ActiveCfg = Release|Any CPU
		{3F78FE8A-3F98-77D1-6199-F565C04C2808}.Release|Any CPU.Build.0 = Release|Any CPU
		{31467C53-FF76-6053-2823-6635EC05A729}.Debug|Any CPU.ActiveCfg = Debug|Any CPU
		{31467C53-FF76-6053-2823-6635EC05A729}.Debug|Any CPU.Build.0 = Debug|Any CPU
		{31467C53-FF76-6053-2823-6635EC05A729}.Release|Any CPU.ActiveCfg = Release|Any CPU
		{31467C53-FF76-6053-2823-6635EC05A729}.Release|Any CPU.Build.0 = Release|Any CPU
		{2D9C6B4B-38F9-D2B9-B283-532160060D2B}.Debug|Any CPU.ActiveCfg = Debug|Any CPU
		{2D9C6B4B-38F9-D2B9-B283-532160060D2B}.Debug|Any CPU.Build.0 = Debug|Any CPU
		{2D9C6B4B-38F9-D2B9-B283-532160060D2B}.Release|Any CPU.ActiveCfg = Release|Any CPU
		{2D9C6B4B-38F9-D2B9-B283-532160060D2B}.Release|Any CPU.Build.0 = Release|Any CPU
		{24FDB9DE-032C-FF63-D9B9-825FBA3A9B2E}.Debug|Any CPU.ActiveCfg = Debug|Any CPU
		{24FDB9DE-032C-FF63-D9B9-825FBA3A9B2E}.Debug|Any CPU.Build.0 = Debug|Any CPU
		{24FDB9DE-032C-FF63-D9B9-825FBA3A9B2E}.Release|Any CPU.ActiveCfg = Release|Any CPU
		{24FDB9DE-032C-FF63-D9B9-825FBA3A9B2E}.Release|Any CPU.Build.0 = Release|Any CPU
	EndGlobalSection
	GlobalSection(SolutionProperties) = preSolution
		HideSolutionNode = FALSE
	EndGlobalSection
	GlobalSection(MonoDevelopProperties) = preSolution
		StartupItem = Assembly-CSharp.csproj
	EndGlobalSection
EndGlobal
